
Microsoft Visual Studio Solution File, Format Version 12.00
# Visual Studio 14
VisualStudioVersion = 14.0.25420.1
MinimumVisualStudioVersion = 10.0.40219.1
Project("{FAE04EC0-301F-11D3-BF4B-00C04F79EFBC}") = "ShoppingWebCrawler.Cef.Core", "ShoppingWebCrawler.Cef.Core\ShoppingWebCrawler.Cef.Core.csproj", "{703FF300-34B9-48D4-A5D6-E741F48D5F95}"
EndProject
Project("{FAE04EC0-301F-11D3-BF4B-00C04F79EFBC}") = "ShoppingWebCrawler.Cef.Framework", "ShoppingWebCrawler.Cef.Framework\ShoppingWebCrawler.Cef.Framework.csproj", "{679AF14D-8FF5-4608-BFF8-EC1A7DED04A4}"
EndProject
Project("{FAE04EC0-301F-11D3-BF4B-00C04F79EFBC}") = "ShoppingWebCrawler.Host", "ShoppingWebCrawler.Host\ShoppingWebCrawler.Host.csproj", "{17588D79-1D90-4662-B938-A1B6F678415D}"
EndProject
Project("{2150E333-8FDC-42A3-9474-1A3956D46DE8}") = "SocketLibrary", "SocketLibrary", "{AEE89147-A25D-4D62-8C6D-B01B34F652DC}"
EndProject
Project("{FAE04EC0-301F-11D3-BF4B-00C04F79EFBC}") = "NTCPMessage", "SocketLibrary\NTCPMSG\NTCPMessage.csproj", "{D7F3E627-5EEF-4AAE-A23D-61E75627EF34}"
EndProject
Project("{2150E333-8FDC-42A3-9474-1A3956D46DE8}") = "Samples", "Samples", "{3C3E6B83-DBD2-4C01-91BA-CC8A56B10BCB}"
EndProject
Project("{FAE04EC0-301F-11D3-BF4B-00C04F79EFBC}") = "ClientTest", "SocketLibrary\ClientTest\ClientTest.csproj", "{C8090CA1-69FA-40E3-85BF-81B44568317E}"
EndProject
Project("{FAE04EC0-301F-11D3-BF4B-00C04F79EFBC}") = "ServerTest", "SocketLibrary\ServerTest\ServerTest.csproj", "{6CF2A7C8-6048-47A0-91E4-B3CC0C3375A4}"
EndProject
Project("{FAE04EC0-301F-11D3-BF4B-00C04F79EFBC}") = "Example2010", "SocketLibrary\Example\Example2010.csproj", "{B7E3D4AE-DB59-46EC-AD92-004038FA3F6F}"
EndProject
Project("{FAE04EC0-301F-11D3-BF4B-00C04F79EFBC}") = "ShoppingWebCrawler.Client", "ShoppingWebCrawler.Client\ShoppingWebCrawler.Client.csproj", "{BF325389-3CB7-4A43-A150-088D1C8B10EA}"
EndProject
Project("{FAE04EC0-301F-11D3-BF4B-00C04F79EFBC}") = "ShoppingWebCrawler.Host.DeskTop", "ShoppingWebCrawler.Host.DeskTop\ShoppingWebCrawler.Host.DeskTop.csproj", "{6F2915FC-5DBF-44B5-AFDD-630425B931EA}"
EndProject
Project("{FAE04EC0-301F-11D3-BF4B-00C04F79EFBC}") = "ShoppingWebCrawler.Host.Common", "ShoppingWebCrawler.Host.Common\ShoppingWebCrawler.Host.Common.csproj", "{09E590E4-7FB7-4308-A19E-C33D36B166D3}"
EndProject
Project("{FAE04EC0-301F-11D3-BF4B-00C04F79EFBC}") = "ShoppingWebCrawler.Host.WindowService", "ShoppingWebCrawler.Host.WindowService\ShoppingWebCrawler.Host.WindowService.csproj", "{9414ED88-973E-4B7A-B41E-4F63CDDB8135}"
EndProject
Global
	GlobalSection(SolutionConfigurationPlatforms) = preSolution
		Debug|Any CPU = Debug|Any CPU
		Debug|x64 = Debug|x64
		Debug|x86 = Debug|x86
		Release|Any CPU = Release|Any CPU
		Release|x64 = Release|x64
		Release|x86 = Release|x86
	EndGlobalSection
	GlobalSection(ProjectConfigurationPlatforms) = postSolution
		{703FF300-34B9-48D4-A5D6-E741F48D5F95}.Debug|Any CPU.ActiveCfg = Debug|Any CPU
		{703FF300-34B9-48D4-A5D6-E741F48D5F95}.Debug|Any CPU.Build.0 = Debug|Any CPU
		{703FF300-34B9-48D4-A5D6-E741F48D5F95}.Debug|x64.ActiveCfg = Debug|x64
		{703FF300-34B9-48D4-A5D6-E741F48D5F95}.Debug|x64.Build.0 = Debug|x64
		{703FF300-34B9-48D4-A5D6-E741F48D5F95}.Debug|x86.ActiveCfg = Debug|Any CPU
		{703FF300-34B9-48D4-A5D6-E741F48D5F95}.Debug|x86.Build.0 = Debug|Any CPU
		{703FF300-34B9-48D4-A5D6-E741F48D5F95}.Release|Any CPU.ActiveCfg = Release|Any CPU
		{703FF300-34B9-48D4-A5D6-E741F48D5F95}.Release|Any CPU.Build.0 = Release|Any CPU
		{703FF300-34B9-48D4-A5D6-E741F48D5F95}.Release|x64.ActiveCfg = Release|x64
		{703FF300-34B9-48D4-A5D6-E741F48D5F95}.Release|x64.Build.0 = Release|x64
		{703FF300-34B9-48D4-A5D6-E741F48D5F95}.Release|x86.ActiveCfg = Release|Any CPU
		{703FF300-34B9-48D4-A5D6-E741F48D5F95}.Release|x86.Build.0 = Release|Any CPU
		{679AF14D-8FF5-4608-BFF8-EC1A7DED04A4}.Debug|Any CPU.ActiveCfg = Debug|Any CPU
		{679AF14D-8FF5-4608-BFF8-EC1A7DED04A4}.Debug|Any CPU.Build.0 = Debug|Any CPU
		{679AF14D-8FF5-4608-BFF8-EC1A7DED04A4}.Debug|x64.ActiveCfg = Debug|x64
		{679AF14D-8FF5-4608-BFF8-EC1A7DED04A4}.Debug|x64.Build.0 = Debug|x64
		{679AF14D-8FF5-4608-BFF8-EC1A7DED04A4}.Debug|x86.ActiveCfg = Debug|Any CPU
		{679AF14D-8FF5-4608-BFF8-EC1A7DED04A4}.Debug|x86.Build.0 = Debug|Any CPU
		{679AF14D-8FF5-4608-BFF8-EC1A7DED04A4}.Release|Any CPU.ActiveCfg = Release|Any CPU
		{679AF14D-8FF5-4608-BFF8-EC1A7DED04A4}.Release|Any CPU.Build.0 = Release|Any CPU
		{679AF14D-8FF5-4608-BFF8-EC1A7DED04A4}.Release|x64.ActiveCfg = Release|x64
		{679AF14D-8FF5-4608-BFF8-EC1A7DED04A4}.Release|x64.Build.0 = Release|x64
		{679AF14D-8FF5-4608-BFF8-EC1A7DED04A4}.Release|x86.ActiveCfg = Release|Any CPU
		{679AF14D-8FF5-4608-BFF8-EC1A7DED04A4}.Release|x86.Build.0 = Release|Any CPU
		{17588D79-1D90-4662-B938-A1B6F678415D}.Debug|Any CPU.ActiveCfg = Debug|Any CPU
		{17588D79-1D90-4662-B938-A1B6F678415D}.Debug|Any CPU.Build.0 = Debug|Any CPU
		{17588D79-1D90-4662-B938-A1B6F678415D}.Debug|x64.ActiveCfg = Debug|x64
		{17588D79-1D90-4662-B938-A1B6F678415D}.Debug|x64.Build.0 = Debug|x64
		{17588D79-1D90-4662-B938-A1B6F678415D}.Debug|x86.ActiveCfg = Debug|x86
		{17588D79-1D90-4662-B938-A1B6F678415D}.Debug|x86.Build.0 = Debug|x86
		{17588D79-1D90-4662-B938-A1B6F678415D}.Release|Any CPU.ActiveCfg = Release|Any CPU
		{17588D79-1D90-4662-B938-A1B6F678415D}.Release|Any CPU.Build.0 = Release|Any CPU
		{17588D79-1D90-4662-B938-A1B6F678415D}.Release|x64.ActiveCfg = Release|x64
		{17588D79-1D90-4662-B938-A1B6F678415D}.Release|x64.Build.0 = Release|x64
		{17588D79-1D90-4662-B938-A1B6F678415D}.Release|x86.ActiveCfg = Release|Any CPU
		{17588D79-1D90-4662-B938-A1B6F678415D}.Release|x86.Build.0 = Release|Any CPU
		{D7F3E627-5EEF-4AAE-A23D-61E75627EF34}.Debug|Any CPU.ActiveCfg = Debug|Any CPU
		{D7F3E627-5EEF-4AAE-A23D-61E75627EF34}.Debug|Any CPU.Build.0 = Debug|Any CPU
		{D7F3E627-5EEF-4AAE-A23D-61E75627EF34}.Debug|x64.ActiveCfg = Debug|x64
		{D7F3E627-5EEF-4AAE-A23D-61E75627EF34}.Debug|x64.Build.0 = Debug|x64
		{D7F3E627-5EEF-4AAE-A23D-61E75627EF34}.Debug|x86.ActiveCfg = Debug|Any CPU
		{D7F3E627-5EEF-4AAE-A23D-61E75627EF34}.Debug|x86.Build.0 = Debug|Any CPU
		{D7F3E627-5EEF-4AAE-A23D-61E75627EF34}.Release|Any CPU.ActiveCfg = Release|Any CPU
		{D7F3E627-5EEF-4AAE-A23D-61E75627EF34}.Release|Any CPU.Build.0 = Release|Any CPU
		{D7F3E627-5EEF-4AAE-A23D-61E75627EF34}.Release|x64.ActiveCfg = Release|x64
		{D7F3E627-5EEF-4AAE-A23D-61E75627EF34}.Release|x64.Build.0 = Release|x64
		{D7F3E627-5EEF-4AAE-A23D-61E75627EF34}.Release|x86.ActiveCfg = Release|Any CPU
		{D7F3E627-5EEF-4AAE-A23D-61E75627EF34}.Release|x86.Build.0 = Release|Any CPU
		{C8090CA1-69FA-40E3-85BF-81B44568317E}.Debug|Any CPU.ActiveCfg = Debug|Any CPU
		{C8090CA1-69FA-40E3-85BF-81B44568317E}.Debug|Any CPU.Build.0 = Debug|Any CPU
		{C8090CA1-69FA-40E3-85BF-81B44568317E}.Debug|x64.ActiveCfg = Debug|x64
		{C8090CA1-69FA-40E3-85BF-81B44568317E}.Debug|x64.Build.0 = Debug|x64
		{C8090CA1-69FA-40E3-85BF-81B44568317E}.Debug|x86.ActiveCfg = Debug|Any CPU
		{C8090CA1-69FA-40E3-85BF-81B44568317E}.Debug|x86.Build.0 = Debug|Any CPU
		{C8090CA1-69FA-40E3-85BF-81B44568317E}.Release|Any CPU.ActiveCfg = Release|Any CPU
		{C8090CA1-69FA-40E3-85BF-81B44568317E}.Release|Any CPU.Build.0 = Release|Any CPU
		{C8090CA1-69FA-40E3-85BF-81B44568317E}.Release|x64.ActiveCfg = Release|x64
		{C8090CA1-69FA-40E3-85BF-81B44568317E}.Release|x64.Build.0 = Release|x64
		{C8090CA1-69FA-40E3-85BF-81B44568317E}.Release|x86.ActiveCfg = Release|Any CPU
		{C8090CA1-69FA-40E3-85BF-81B44568317E}.Release|x86.Build.0 = Release|Any CPU
		{6CF2A7C8-6048-47A0-91E4-B3CC0C3375A4}.Debug|Any CPU.ActiveCfg = Debug|Any CPU
		{6CF2A7C8-6048-47A0-91E4-B3CC0C3375A4}.Debug|Any CPU.Build.0 = Debug|Any CPU
		{6CF2A7C8-6048-47A0-91E4-B3CC0C3375A4}.Debug|x64.ActiveCfg = Debug|x64
		{6CF2A7C8-6048-47A0-91E4-B3CC0C3375A4}.Debug|x64.Build.0 = Debug|x64
		{6CF2A7C8-6048-47A0-91E4-B3CC0C3375A4}.Debug|x86.ActiveCfg = Debug|Any CPU
		{6CF2A7C8-6048-47A0-91E4-B3CC0C3375A4}.Debug|x86.Build.0 = Debug|Any CPU
		{6CF2A7C8-6048-47A0-91E4-B3CC0C3375A4}.Release|Any CPU.ActiveCfg = Release|Any CPU
		{6CF2A7C8-6048-47A0-91E4-B3CC0C3375A4}.Release|Any CPU.Build.0 = Release|Any CPU
		{6CF2A7C8-6048-47A0-91E4-B3CC0C3375A4}.Release|x64.ActiveCfg = Release|x64
		{6CF2A7C8-6048-47A0-91E4-B3CC0C3375A4}.Release|x64.Build.0 = Release|x64
		{6CF2A7C8-6048-47A0-91E4-B3CC0C3375A4}.Release|x86.ActiveCfg = Release|Any CPU
		{6CF2A7C8-6048-47A0-91E4-B3CC0C3375A4}.Release|x86.Build.0 = Release|Any CPU
		{B7E3D4AE-DB59-46EC-AD92-004038FA3F6F}.Debug|Any CPU.ActiveCfg = Debug|Any CPU
		{B7E3D4AE-DB59-46EC-AD92-004038FA3F6F}.Debug|Any CPU.Build.0 = Debug|Any CPU
		{B7E3D4AE-DB59-46EC-AD92-004038FA3F6F}.Debug|x64.ActiveCfg = Debug|x64
		{B7E3D4AE-DB59-46EC-AD92-004038FA3F6F}.Debug|x64.Build.0 = Debug|x64
		{B7E3D4AE-DB59-46EC-AD92-004038FA3F6F}.Debug|x86.ActiveCfg = Debug|Any CPU
		{B7E3D4AE-DB59-46EC-AD92-004038FA3F6F}.Debug|x86.Build.0 = Debug|Any CPU
		{B7E3D4AE-DB59-46EC-AD92-004038FA3F6F}.Release|Any CPU.ActiveCfg = Release|Any CPU
		{B7E3D4AE-DB59-46EC-AD92-004038FA3F6F}.Release|Any CPU.Build.0 = Release|Any CPU
		{B7E3D4AE-DB59-46EC-AD92-004038FA3F6F}.Release|x64.ActiveCfg = Release|x64
		{B7E3D4AE-DB59-46EC-AD92-004038FA3F6F}.Release|x64.Build.0 = Release|x64
		{B7E3D4AE-DB59-46EC-AD92-004038FA3F6F}.Release|x86.ActiveCfg = Release|Any CPU
		{B7E3D4AE-DB59-46EC-AD92-004038FA3F6F}.Release|x86.Build.0 = Release|Any CPU
		{BF325389-3CB7-4A43-A150-088D1C8B10EA}.Debug|Any CPU.ActiveCfg = Debug|Any CPU
		{BF325389-3CB7-4A43-A150-088D1C8B10EA}.Debug|Any CPU.Build.0 = Debug|Any CPU
		{BF325389-3CB7-4A43-A150-088D1C8B10EA}.Debug|x64.ActiveCfg = Debug|x64
		{BF325389-3CB7-4A43-A150-088D1C8B10EA}.Debug|x64.Build.0 = Debug|x64
		{BF325389-3CB7-4A43-A150-088D1C8B10EA}.Debug|x86.ActiveCfg = Debug|Any CPU
		{BF325389-3CB7-4A43-A150-088D1C8B10EA}.Debug|x86.Build.0 = Debug|Any CPU
		{BF325389-3CB7-4A43-A150-088D1C8B10EA}.Release|Any CPU.ActiveCfg = Release|Any CPU
		{BF325389-3CB7-4A43-A150-088D1C8B10EA}.Release|Any CPU.Build.0 = Release|Any CPU
		{BF325389-3CB7-4A43-A150-088D1C8B10EA}.Release|x64.ActiveCfg = Release|x64
		{BF325389-3CB7-4A43-A150-088D1C8B10EA}.Release|x64.Build.0 = Release|x64
		{BF325389-3CB7-4A43-A150-088D1C8B10EA}.Release|x86.ActiveCfg = Release|Any CPU
		{BF325389-3CB7-4A43-A150-088D1C8B10EA}.Release|x86.Build.0 = Release|Any CPU
		{6F2915FC-5DBF-44B5-AFDD-630425B931EA}.Debug|Any CPU.ActiveCfg = Debug|Any CPU
		{6F2915FC-5DBF-44B5-AFDD-630425B931EA}.Debug|Any CPU.Build.0 = Debug|Any CPU
		{6F2915FC-5DBF-44B5-AFDD-630425B931EA}.Debug|x64.ActiveCfg = Debug|x64
		{6F2915FC-5DBF-44B5-AFDD-630425B931EA}.Debug|x64.Build.0 = Debug|x64
		{6F2915FC-5DBF-44B5-AFDD-630425B931EA}.Debug|x86.ActiveCfg = Debug|x86
		{6F2915FC-5DBF-44B5-AFDD-630425B931EA}.Debug|x86.Build.0 = Debug|x86
		{6F2915FC-5DBF-44B5-AFDD-630425B931EA}.Release|Any CPU.ActiveCfg = Release|Any CPU
		{6F2915FC-5DBF-44B5-AFDD-630425B931EA}.Release|Any CPU.Build.0 = Release|Any CPU
		{6F2915FC-5DBF-44B5-AFDD-630425B931EA}.Release|x64.ActiveCfg = Release|x64
		{6F2915FC-5DBF-44B5-AFDD-630425B931EA}.Release|x64.Build.0 = Release|x64
		{6F2915FC-5DBF-44B5-AFDD-630425B931EA}.Release|x86.ActiveCfg = Release|Any CPU
		{6F2915FC-5DBF-44B5-AFDD-630425B931EA}.Release|x86.Build.0 = Release|Any CPU
		{09E590E4-7FB7-4308-A19E-C33D36B166D3}.Debug|Any CPU.ActiveCfg = Debug|Any CPU
		{09E590E4-7FB7-4308-A19E-C33D36B166D3}.Debug|Any CPU.Build.0 = Debug|Any CPU
		{09E590E4-7FB7-4308-A19E-C33D36B166D3}.Debug|x64.ActiveCfg = Debug|x64
		{09E590E4-7FB7-4308-A19E-C33D36B166D3}.Debug|x64.Build.0 = Debug|x64
		{09E590E4-7FB7-4308-A19E-C33D36B166D3}.Debug|x86.ActiveCfg = Debug|Any CPU
		{09E590E4-7FB7-4308-A19E-C33D36B166D3}.Debug|x86.Build.0 = Debug|Any CPU
		{09E590E4-7FB7-4308-A19E-C33D36B166D3}.Release|Any CPU.ActiveCfg = Release|Any CPU
		{09E590E4-7FB7-4308-A19E-C33D36B166D3}.Release|Any CPU.Build.0 = Release|Any CPU
		{09E590E4-7FB7-4308-A19E-C33D36B166D3}.Release|x64.ActiveCfg = Release|x64
		{09E590E4-7FB7-4308-A19E-C33D36B166D3}.Release|x64.Build.0 = Release|x64
		{09E590E4-7FB7-4308-A19E-C33D36B166D3}.Release|x86.ActiveCfg = Release|Any CPU
		{09E590E4-7FB7-4308-A19E-C33D36B166D3}.Release|x86.Build.0 = Release|Any CPU
		{9414ED88-973E-4B7A-B41E-4F63CDDB8135}.Debug|Any CPU.ActiveCfg = Debug|Any CPU
		{9414ED88-973E-4B7A-B41E-4F63CDDB8135}.Debug|Any CPU.Build.0 = Debug|Any CPU
		{9414ED88-973E-4B7A-B41E-4F63CDDB8135}.Debug|x64.ActiveCfg = Debug|Any CPU
		{9414ED88-973E-4B7A-B41E-4F63CDDB8135}.Debug|x64.Build.0 = Debug|Any CPU
		{9414ED88-973E-4B7A-B41E-4F63CDDB8135}.Debug|x86.ActiveCfg = Debug|Any CPU
		{9414ED88-973E-4B7A-B41E-4F63CDDB8135}.Debug|x86.Build.0 = Debug|Any CPU
		{9414ED88-973E-4B7A-B41E-4F63CDDB8135}.Release|Any CPU.ActiveCfg = Release|Any CPU
		{9414ED88-973E-4B7A-B41E-4F63CDDB8135}.Release|Any CPU.Build.0 = Release|Any CPU
		{9414ED88-973E-4B7A-B41E-4F63CDDB8135}.Release|x64.ActiveCfg = Release|Any CPU
		{9414ED88-973E-4B7A-B41E-4F63CDDB8135}.Release|x64.Build.0 = Release|Any CPU
		{9414ED88-973E-4B7A-B41E-4F63CDDB8135}.Release|x86.ActiveCfg = Release|Any CPU
		{9414ED88-973E-4B7A-B41E-4F63CDDB8135}.Release|x86.Build.0 = Release|Any CPU
	EndGlobalSection
	GlobalSection(SolutionProperties) = preSolution
		HideSolutionNode = FALSE
	EndGlobalSection
	GlobalSection(NestedProjects) = preSolution
		{D7F3E627-5EEF-4AAE-A23D-61E75627EF34} = {AEE89147-A25D-4D62-8C6D-B01B34F652DC}
		{3C3E6B83-DBD2-4C01-91BA-CC8A56B10BCB} = {AEE89147-A25D-4D62-8C6D-B01B34F652DC}
		{C8090CA1-69FA-40E3-85BF-81B44568317E} = {3C3E6B83-DBD2-4C01-91BA-CC8A56B10BCB}
		{6CF2A7C8-6048-47A0-91E4-B3CC0C3375A4} = {3C3E6B83-DBD2-4C01-91BA-CC8A56B10BCB}
		{B7E3D4AE-DB59-46EC-AD92-004038FA3F6F} = {3C3E6B83-DBD2-4C01-91BA-CC8A56B10BCB}
	EndGlobalSection
EndGlobal
